// !$*UTF8*$!
{
	archiveVersion = 1;
	classes = {
	};
	objectVersion = 50;
	objects = {

/* Begin PBXBuildFile section */
		C84142E223CCE5E300A6383B /* FavouritesListVC.swift in Sources */ = {isa = PBXBuildFile; fileRef = C84142E123CCE5E300A6383B /* FavouritesListVC.swift */; };
		C84142E423CCE76D00A6383B /* TabBar.swift in Sources */ = {isa = PBXBuildFile; fileRef = C84142E323CCE76D00A6383B /* TabBar.swift */; };
		C84142E623CCF85B00A6383B /* MLButton.swift in Sources */ = {isa = PBXBuildFile; fileRef = C84142E523CCF85B00A6383B /* MLButton.swift */; };
		C84142E823CCFEF500A6383B /* MLTextField.swift in Sources */ = {isa = PBXBuildFile; fileRef = C84142E723CCFEF500A6383B /* MLTextField.swift */; };
		C88C904523C2963D009F2517 /* AppDelegate.swift in Sources */ = {isa = PBXBuildFile; fileRef = C88C904423C2963D009F2517 /* AppDelegate.swift */; };
		C88C904723C2963D009F2517 /* SceneDelegate.swift in Sources */ = {isa = PBXBuildFile; fileRef = C88C904623C2963D009F2517 /* SceneDelegate.swift */; };
		C88C904923C2963D009F2517 /* SearchVC.swift in Sources */ = {isa = PBXBuildFile; fileRef = C88C904823C2963D009F2517 /* SearchVC.swift */; };
		C88C904E23C2963F009F2517 /* Assets.xcassets in Resources */ = {isa = PBXBuildFile; fileRef = C88C904D23C2963F009F2517 /* Assets.xcassets */; };
		C88C905123C2963F009F2517 /* LaunchScreen.storyboard in Resources */ = {isa = PBXBuildFile; fileRef = C88C904F23C2963F009F2517 /* LaunchScreen.storyboard */; };
		C8EA45C423CE5B3700EF46B4 /* FollowerListVC.swift in Sources */ = {isa = PBXBuildFile; fileRef = C8EA45C323CE5B3700EF46B4 /* FollowerListVC.swift */; };
		C8EA45C623CFB9EE00EF46B4 /* MLTitleLabel.swift in Sources */ = {isa = PBXBuildFile; fileRef = C8EA45C523CFB9EE00EF46B4 /* MLTitleLabel.swift */; };
		C8EA45C823CFBB8800EF46B4 /* MLBodyLabel.swift in Sources */ = {isa = PBXBuildFile; fileRef = C8EA45C723CFBB8800EF46B4 /* MLBodyLabel.swift */; };
		C8EA45CA23CFBC4000EF46B4 /* MLAlertVC.swift in Sources */ = {isa = PBXBuildFile; fileRef = C8EA45C923CFBC4000EF46B4 /* MLAlertVC.swift */; };
		C8EA45CC23CFD63500EF46B4 /* UIViewContoller+Ext.swift in Sources */ = {isa = PBXBuildFile; fileRef = C8EA45CB23CFD63500EF46B4 /* UIViewContoller+Ext.swift */; };
		C8EA45D623D0B6DF00EF46B4 /* Follower.swift in Sources */ = {isa = PBXBuildFile; fileRef = C8EA45D523D0B6DF00EF46B4 /* Follower.swift */; };
		C8EA45D823D0B8D100EF46B4 /* User.swift in Sources */ = {isa = PBXBuildFile; fileRef = C8EA45D723D0B8D100EF46B4 /* User.swift */; };
		C8EA45DB23D0C80C00EF46B4 /* NetworkManager.swift in Sources */ = {isa = PBXBuildFile; fileRef = C8EA45DA23D0C80C00EF46B4 /* NetworkManager.swift */; };
		C8EA45DE23D0DD2200EF46B4 /* ErrorMessage.swift in Sources */ = {isa = PBXBuildFile; fileRef = C8EA45DD23D0DD2200EF46B4 /* ErrorMessage.swift */; };
/* End PBXBuildFile section */

/* Begin PBXFileReference section */
		C84142E123CCE5E300A6383B /* FavouritesListVC.swift */ = {isa = PBXFileReference; lastKnownFileType = sourcecode.swift; path = FavouritesListVC.swift; sourceTree = "<group>"; };
		C84142E323CCE76D00A6383B /* TabBar.swift */ = {isa = PBXFileReference; lastKnownFileType = sourcecode.swift; path = TabBar.swift; sourceTree = "<group>"; };
		C84142E523CCF85B00A6383B /* MLButton.swift */ = {isa = PBXFileReference; lastKnownFileType = sourcecode.swift; path = MLButton.swift; sourceTree = "<group>"; };
		C84142E723CCFEF500A6383B /* MLTextField.swift */ = {isa = PBXFileReference; lastKnownFileType = sourcecode.swift; path = MLTextField.swift; sourceTree = "<group>"; };
		C88C904123C2963D009F2517 /* Followers.app */ = {isa = PBXFileReference; explicitFileType = wrapper.application; includeInIndex = 0; path = Followers.app; sourceTree = BUILT_PRODUCTS_DIR; };
		C88C904423C2963D009F2517 /* AppDelegate.swift */ = {isa = PBXFileReference; lastKnownFileType = sourcecode.swift; path = AppDelegate.swift; sourceTree = "<group>"; };
		C88C904623C2963D009F2517 /* SceneDelegate.swift */ = {isa = PBXFileReference; lastKnownFileType = sourcecode.swift; path = SceneDelegate.swift; sourceTree = "<group>"; };
		C88C904823C2963D009F2517 /* SearchVC.swift */ = {isa = PBXFileReference; lastKnownFileType = sourcecode.swift; path = SearchVC.swift; sourceTree = "<group>"; };
		C88C904D23C2963F009F2517 /* Assets.xcassets */ = {isa = PBXFileReference; lastKnownFileType = folder.assetcatalog; path = Assets.xcassets; sourceTree = "<group>"; };
		C88C905023C2963F009F2517 /* Base */ = {isa = PBXFileReference; lastKnownFileType = file.storyboard; name = Base; path = Base.lproj/LaunchScreen.storyboard; sourceTree = "<group>"; };
		C88C905223C2963F009F2517 /* Info.plist */ = {isa = PBXFileReference; lastKnownFileType = text.plist.xml; path = Info.plist; sourceTree = "<group>"; };
		C8EA45C323CE5B3700EF46B4 /* FollowerListVC.swift */ = {isa = PBXFileReference; lastKnownFileType = sourcecode.swift; path = FollowerListVC.swift; sourceTree = "<group>"; };
		C8EA45C523CFB9EE00EF46B4 /* MLTitleLabel.swift */ = {isa = PBXFileReference; lastKnownFileType = sourcecode.swift; path = MLTitleLabel.swift; sourceTree = "<group>"; };
		C8EA45C723CFBB8800EF46B4 /* MLBodyLabel.swift */ = {isa = PBXFileReference; lastKnownFileType = sourcecode.swift; path = MLBodyLabel.swift; sourceTree = "<group>"; };
		C8EA45C923CFBC4000EF46B4 /* MLAlertVC.swift */ = {isa = PBXFileReference; lastKnownFileType = sourcecode.swift; path = MLAlertVC.swift; sourceTree = "<group>"; };
		C8EA45CB23CFD63500EF46B4 /* UIViewContoller+Ext.swift */ = {isa = PBXFileReference; lastKnownFileType = sourcecode.swift; path = "UIViewContoller+Ext.swift"; sourceTree = "<group>"; };
		C8EA45D523D0B6DF00EF46B4 /* Follower.swift */ = {isa = PBXFileReference; lastKnownFileType = sourcecode.swift; path = Follower.swift; sourceTree = "<group>"; };
		C8EA45D723D0B8D100EF46B4 /* User.swift */ = {isa = PBXFileReference; lastKnownFileType = sourcecode.swift; path = User.swift; sourceTree = "<group>"; };
		C8EA45DA23D0C80C00EF46B4 /* NetworkManager.swift */ = {isa = PBXFileReference; lastKnownFileType = sourcecode.swift; path = NetworkManager.swift; sourceTree = "<group>"; };
		C8EA45DD23D0DD2200EF46B4 /* ErrorMessage.swift */ = {isa = PBXFileReference; lastKnownFileType = sourcecode.swift; path = ErrorMessage.swift; sourceTree = "<group>"; };
/* End PBXFileReference section */

/* Begin PBXFrameworksBuildPhase section */
		C88C903E23C2963D009F2517 /* Frameworks */ = {
			isa = PBXFrameworksBuildPhase;
			buildActionMask = 2147483647;
			files = (
			);
			runOnlyForDeploymentPostprocessing = 0;
		};
/* End PBXFrameworksBuildPhase section */

/* Begin PBXGroup section */
		C88C903823C2963D009F2517 = {
			isa = PBXGroup;
			children = (
				C88C904323C2963D009F2517 /* GitHubFollowers */,
				C88C904223C2963D009F2517 /* Products */,
			);
			sourceTree = "<group>";
		};
		C88C904223C2963D009F2517 /* Products */ = {
			isa = PBXGroup;
			children = (
				C88C904123C2963D009F2517 /* Followers.app */,
			);
			name = Products;
			sourceTree = "<group>";
		};
		C88C904323C2963D009F2517 /* GitHubFollowers */ = {
			isa = PBXGroup;
			children = (
				C8EA45D923D0C7D900EF46B4 /* Managers */,
				C8EA45D423D0B6CD00EF46B4 /* Models */,
				C8EA45CF23D0789200EF46B4 /* Custom Views */,
				C8EA45D023D078D500EF46B4 /* Extensions */,
				C8EA45D123D078F900EF46B4 /* Navigation Controllers */,
				C8EA45CE23D0785D00EF46B4 /* Screens */,
				C8EA45D323D0794500EF46B4 /* Support */,
				C8EA45DC23D0DCEA00EF46B4 /* Utilities */,
				C88C904D23C2963F009F2517 /* Assets.xcassets */,
				C88C905223C2963F009F2517 /* Info.plist */,
			);
			path = GitHubFollowers;
			sourceTree = "<group>";
		};
		C8EA45CE23D0785D00EF46B4 /* Screens */ = {
			isa = PBXGroup;
			children = (
				C84142E123CCE5E300A6383B /* FavouritesListVC.swift */,
				C8EA45C323CE5B3700EF46B4 /* FollowerListVC.swift */,
				C8EA45C923CFBC4000EF46B4 /* MLAlertVC.swift */,
				C88C904823C2963D009F2517 /* SearchVC.swift */,
			);
			path = Screens;
			sourceTree = "<group>";
		};
		C8EA45CF23D0789200EF46B4 /* Custom Views */ = {
			isa = PBXGroup;
			children = (
				C8EA45C723CFBB8800EF46B4 /* MLBodyLabel.swift */,
				C84142E523CCF85B00A6383B /* MLButton.swift */,
				C84142E723CCFEF500A6383B /* MLTextField.swift */,
				C8EA45C523CFB9EE00EF46B4 /* MLTitleLabel.swift */,
			);
			path = "Custom Views";
			sourceTree = "<group>";
		};
		C8EA45D023D078D500EF46B4 /* Extensions */ = {
			isa = PBXGroup;
			children = (
				C8EA45CB23CFD63500EF46B4 /* UIViewContoller+Ext.swift */,
			);
			path = Extensions;
			sourceTree = "<group>";
		};
		C8EA45D123D078F900EF46B4 /* Navigation Controllers */ = {
			isa = PBXGroup;
			children = (
				C84142E323CCE76D00A6383B /* TabBar.swift */,
			);
			path = "Navigation Controllers";
			sourceTree = "<group>";
		};
		C8EA45D323D0794500EF46B4 /* Support */ = {
			isa = PBXGroup;
			children = (
				C88C904F23C2963F009F2517 /* LaunchScreen.storyboard */,
				C88C904623C2963D009F2517 /* SceneDelegate.swift */,
				C88C904423C2963D009F2517 /* AppDelegate.swift */,
			);
			path = Support;
			sourceTree = "<group>";
		};
		C8EA45D423D0B6CD00EF46B4 /* Models */ = {
			isa = PBXGroup;
			children = (
				C8EA45D523D0B6DF00EF46B4 /* Follower.swift */,
				C8EA45D723D0B8D100EF46B4 /* User.swift */,
			);
			path = Models;
			sourceTree = "<group>";
		};
		C8EA45D923D0C7D900EF46B4 /* Managers */ = {
			isa = PBXGroup;
			children = (
				C8EA45DA23D0C80C00EF46B4 /* NetworkManager.swift */,
			);
			path = Managers;
			sourceTree = "<group>";
		};
		C8EA45DC23D0DCEA00EF46B4 /* Utilities */ = {
			isa = PBXGroup;
			children = (
				C8EA45DD23D0DD2200EF46B4 /* ErrorMessage.swift */,
			);
			path = Utilities;
			sourceTree = "<group>";
		};
/* End PBXGroup section */

/* Begin PBXNativeTarget section */
		C88C904023C2963D009F2517 /* GitHubFollowers */ = {
			isa = PBXNativeTarget;
			buildConfigurationList = C88C905523C2963F009F2517 /* Build configuration list for PBXNativeTarget "GitHubFollowers" */;
			buildPhases = (
				C88C903D23C2963D009F2517 /* Sources */,
				C88C903E23C2963D009F2517 /* Frameworks */,
				C88C903F23C2963D009F2517 /* Resources */,
			);
			buildRules = (
			);
			dependencies = (
			);
			name = GitHubFollowers;
			productName = GitHubFollowers;
			productReference = C88C904123C2963D009F2517 /* Followers.app */;
			productType = "com.apple.product-type.application";
		};
/* End PBXNativeTarget section */

/* Begin PBXProject section */
		C88C903923C2963D009F2517 /* Project object */ = {
			isa = PBXProject;
			attributes = {
				LastSwiftUpdateCheck = 1130;
				LastUpgradeCheck = 1130;
				ORGANIZATIONNAME = "Mikolaj Lukasik";
				TargetAttributes = {
					C88C904023C2963D009F2517 = {
						CreatedOnToolsVersion = 11.3;
					};
				};
			};
			buildConfigurationList = C88C903C23C2963D009F2517 /* Build configuration list for PBXProject "GitHubFollowers" */;
			compatibilityVersion = "Xcode 9.3";
			developmentRegion = en;
			hasScannedForEncodings = 0;
			knownRegions = (
				en,
				Base,
			);
			mainGroup = C88C903823C2963D009F2517;
			productRefGroup = C88C904223C2963D009F2517 /* Products */;
			projectDirPath = "";
			projectRoot = "";
			targets = (
				C88C904023C2963D009F2517 /* GitHubFollowers */,
			);
		};
/* End PBXProject section */

/* Begin PBXResourcesBuildPhase section */
		C88C903F23C2963D009F2517 /* Resources */ = {
			isa = PBXResourcesBuildPhase;
			buildActionMask = 2147483647;
			files = (
				C88C905123C2963F009F2517 /* LaunchScreen.storyboard in Resources */,
				C88C904E23C2963F009F2517 /* Assets.xcassets in Resources */,
			);
			runOnlyForDeploymentPostprocessing = 0;
		};
/* End PBXResourcesBuildPhase section */

/* Begin PBXSourcesBuildPhase section */
		C88C903D23C2963D009F2517 /* Sources */ = {
			isa = PBXSourcesBuildPhase;
			buildActionMask = 2147483647;
			files = (
				C8EA45CA23CFBC4000EF46B4 /* MLAlertVC.swift in Sources */,
				C8EA45CC23CFD63500EF46B4 /* UIViewContoller+Ext.swift in Sources */,
				C84142E623CCF85B00A6383B /* MLButton.swift in Sources */,
				C88C904923C2963D009F2517 /* SearchVC.swift in Sources */,
				C8EA45C623CFB9EE00EF46B4 /* MLTitleLabel.swift in Sources */,
				C88C904523C2963D009F2517 /* AppDelegate.swift in Sources */,
				C8EA45D823D0B8D100EF46B4 /* User.swift in Sources */,
				C84142E223CCE5E300A6383B /* FavouritesListVC.swift in Sources */,
				C8EA45D623D0B6DF00EF46B4 /* Follower.swift in Sources */,
				C8EA45C823CFBB8800EF46B4 /* MLBodyLabel.swift in Sources */,
				C88C904723C2963D009F2517 /* SceneDelegate.swift in Sources */,
				C84142E823CCFEF500A6383B /* MLTextField.swift in Sources */,
				C8EA45DE23D0DD2200EF46B4 /* ErrorMessage.swift in Sources */,
				C8EA45DB23D0C80C00EF46B4 /* NetworkManager.swift in Sources */,
				C8EA45C423CE5B3700EF46B4 /* FollowerListVC.swift in Sources */,
				C84142E423CCE76D00A6383B /* TabBar.swift in Sources */,
			);
			runOnlyForDeploymentPostprocessing = 0;
		};
/* End PBXSourcesBuildPhase section */

/* Begin PBXVariantGroup section */
		C88C904F23C2963F009F2517 /* LaunchScreen.storyboard */ = {
			isa = PBXVariantGroup;
			children = (
				C88C905023C2963F009F2517 /* Base */,
			);
			name = LaunchScreen.storyboard;
			sourceTree = "<group>";
		};
/* End PBXVariantGroup section */

/* Begin XCBuildConfiguration section */
		C88C905323C2963F009F2517 /* Debug */ = {
			isa = XCBuildConfiguration;
			buildSettings = {
				ALWAYS_SEARCH_USER_PATHS = NO;
				CLANG_ANALYZER_NONNULL = YES;
				CLANG_ANALYZER_NUMBER_OBJECT_CONVERSION = YES_AGGRESSIVE;
				CLANG_CXX_LANGUAGE_STANDARD = "gnu++14";
				CLANG_CXX_LIBRARY = "libc++";
				CLANG_ENABLE_MODULES = YES;
				CLANG_ENABLE_OBJC_ARC = YES;
				CLANG_ENABLE_OBJC_WEAK = YES;
				CLANG_WARN_BLOCK_CAPTURE_AUTORELEASING = YES;
				CLANG_WARN_BOOL_CONVERSION = YES;
				CLANG_WARN_COMMA = YES;
				CLANG_WARN_CONSTANT_CONVERSION = YES;
				CLANG_WARN_DEPRECATED_OBJC_IMPLEMENTATIONS = YES;
				CLANG_WARN_DIRECT_OBJC_ISA_USAGE = YES_ERROR;
				CLANG_WARN_DOCUMENTATION_COMMENTS = YES;
				CLANG_WARN_EMPTY_BODY = YES;
				CLANG_WARN_ENUM_CONVERSION = YES;
				CLANG_WARN_INFINITE_RECURSION = YES;
				CLANG_WARN_INT_CONVERSION = YES;
				CLANG_WARN_NON_LITERAL_NULL_CONVERSION = YES;
				CLANG_WARN_OBJC_IMPLICIT_RETAIN_SELF = YES;
				CLANG_WARN_OBJC_LITERAL_CONVERSION = YES;
				CLANG_WARN_OBJC_ROOT_CLASS = YES_ERROR;
				CLANG_WARN_RANGE_LOOP_ANALYSIS = YES;
				CLANG_WARN_STRICT_PROTOTYPES = YES;
				CLANG_WARN_SUSPICIOUS_MOVE = YES;
				CLANG_WARN_UNGUARDED_AVAILABILITY = YES_AGGRESSIVE;
				CLANG_WARN_UNREACHABLE_CODE = YES;
				CLANG_WARN__DUPLICATE_METHOD_MATCH = YES;
				COPY_PHASE_STRIP = NO;
				DEBUG_INFORMATION_FORMAT = dwarf;
				ENABLE_STRICT_OBJC_MSGSEND = YES;
				ENABLE_TESTABILITY = YES;
				GCC_C_LANGUAGE_STANDARD = gnu11;
				GCC_DYNAMIC_NO_PIC = NO;
				GCC_NO_COMMON_BLOCKS = YES;
				GCC_OPTIMIZATION_LEVEL = 0;
				GCC_PREPROCESSOR_DEFINITIONS = (
					"DEBUG=1",
					"$(inherited)",
				);
				GCC_WARN_64_TO_32_BIT_CONVERSION = YES;
				GCC_WARN_ABOUT_RETURN_TYPE = YES_ERROR;
				GCC_WARN_UNDECLARED_SELECTOR = YES;
				GCC_WARN_UNINITIALIZED_AUTOS = YES_AGGRESSIVE;
				GCC_WARN_UNUSED_FUNCTION = YES;
				GCC_WARN_UNUSED_VARIABLE = YES;
				IPHONEOS_DEPLOYMENT_TARGET = 13.2;
				MTL_ENABLE_DEBUG_INFO = INCLUDE_SOURCE;
				MTL_FAST_MATH = YES;
				ONLY_ACTIVE_ARCH = YES;
				SDKROOT = iphoneos;
				SWIFT_ACTIVE_COMPILATION_CONDITIONS = DEBUG;
				SWIFT_OPTIMIZATION_LEVEL = "-Onone";
			};
			name = Debug;
		};
		C88C905423C2963F009F2517 /* Release */ = {
			isa = XCBuildConfiguration;
			buildSettings = {
				ALWAYS_SEARCH_USER_PATHS = NO;
				CLANG_ANALYZER_NONNULL = YES;
				CLANG_ANALYZER_NUMBER_OBJECT_CONVERSION = YES_AGGRESSIVE;
				CLANG_CXX_LANGUAGE_STANDARD = "gnu++14";
				CLANG_CXX_LIBRARY = "libc++";
				CLANG_ENABLE_MODULES = YES;
				CLANG_ENABLE_OBJC_ARC = YES;
				CLANG_ENABLE_OBJC_WEAK = YES;
				CLANG_WARN_BLOCK_CAPTURE_AUTORELEASING = YES;
				CLANG_WARN_BOOL_CONVERSION = YES;
				CLANG_WARN_COMMA = YES;
				CLANG_WARN_CONSTANT_CONVERSION = YES;
				CLANG_WARN_DEPRECATED_OBJC_IMPLEMENTATIONS = YES;
				CLANG_WARN_DIRECT_OBJC_ISA_USAGE = YES_ERROR;
				CLANG_WARN_DOCUMENTATION_COMMENTS = YES;
				CLANG_WARN_EMPTY_BODY = YES;
				CLANG_WARN_ENUM_CONVERSION = YES;
				CLANG_WARN_INFINITE_RECURSION = YES;
				CLANG_WARN_INT_CONVERSION = YES;
				CLANG_WARN_NON_LITERAL_NULL_CONVERSION = YES;
				CLANG_WARN_OBJC_IMPLICIT_RETAIN_SELF = YES;
				CLANG_WARN_OBJC_LITERAL_CONVERSION = YES;
				CLANG_WARN_OBJC_ROOT_CLASS = YES_ERROR;
				CLANG_WARN_RANGE_LOOP_ANALYSIS = YES;
				CLANG_WARN_STRICT_PROTOTYPES = YES;
				CLANG_WARN_SUSPICIOUS_MOVE = YES;
				CLANG_WARN_UNGUARDED_AVAILABILITY = YES_AGGRESSIVE;
				CLANG_WARN_UNREACHABLE_CODE = YES;
				CLANG_WARN__DUPLICATE_METHOD_MATCH = YES;
				COPY_PHASE_STRIP = NO;
				DEBUG_INFORMATION_FORMAT = "dwarf-with-dsym";
				ENABLE_NS_ASSERTIONS = NO;
				ENABLE_STRICT_OBJC_MSGSEND = YES;
				GCC_C_LANGUAGE_STANDARD = gnu11;
				GCC_NO_COMMON_BLOCKS = YES;
				GCC_WARN_64_TO_32_BIT_CONVERSION = YES;
				GCC_WARN_ABOUT_RETURN_TYPE = YES_ERROR;
				GCC_WARN_UNDECLARED_SELECTOR = YES;
				GCC_WARN_UNINITIALIZED_AUTOS = YES_AGGRESSIVE;
				GCC_WARN_UNUSED_FUNCTION = YES;
				GCC_WARN_UNUSED_VARIABLE = YES;
				IPHONEOS_DEPLOYMENT_TARGET = 13.2;
				MTL_ENABLE_DEBUG_INFO = NO;
				MTL_FAST_MATH = YES;
				SDKROOT = iphoneos;
				SWIFT_COMPILATION_MODE = wholemodule;
				SWIFT_OPTIMIZATION_LEVEL = "-O";
				VALIDATE_PRODUCT = YES;
			};
			name = Release;
		};
		C88C905623C2963F009F2517 /* Debug */ = {
			isa = XCBuildConfiguration;
			buildSettings = {
				ASSETCATALOG_COMPILER_APPICON_NAME = AppIcon;
				CODE_SIGN_STYLE = Automatic;
				DEVELOPMENT_TEAM = 8TYF5VAX58;
				INFOPLIST_FILE = GitHubFollowers/Info.plist;
				LD_RUNPATH_SEARCH_PATHS = (
					"$(inherited)",
					"@executable_path/Frameworks",
				);
				PRODUCT_BUNDLE_IDENTIFIER = com.mlukasik.GitHubFollowers;
				PRODUCT_NAME = Followers;
				SWIFT_VERSION = 5.0;
				TARGETED_DEVICE_FAMILY = "1,2";
			};
			name = Debug;
		};
		C88C905723C2963F009F2517 /* Release */ = {
			isa = XCBuildConfiguration;
			buildSettings = {
				ASSETCATALOG_COMPILER_APPICON_NAME = AppIcon;
				CODE_SIGN_STYLE = Automatic;
				DEVELOPMENT_TEAM = 8TYF5VAX58;
				INFOPLIST_FILE = GitHubFollowers/Info.plist;
				LD_RUNPATH_SEARCH_PATHS = (
					"$(inherited)",
					"@executable_path/Frameworks",
				);
				PRODUCT_BUNDLE_IDENTIFIER = com.mlukasik.GitHubFollowers;
				PRODUCT_NAME = Followers;
				SWIFT_VERSION = 5.0;
				TARGETED_DEVICE_FAMILY = "1,2";
			};
			name = Release;
		};
/* End XCBuildConfiguration section */

/* Begin XCConfigurationList section */
		C88C903C23C2963D009F2517 /* Build configuration list for PBXProject "GitHubFollowers" */ = {
			isa = XCConfigurationList;
			buildConfigurations = (
				C88C905323C2963F009F2517 /* Debug */,
				C88C905423C2963F009F2517 /* Release */,
			);
			defaultConfigurationIsVisible = 0;
			defaultConfigurationName = Release;
		};
		C88C905523C2963F009F2517 /* Build configuration list for PBXNativeTarget "GitHubFollowers" */ = {
			isa = XCConfigurationList;
			buildConfigurations = (
				C88C905623C2963F009F2517 /* Debug */,
				C88C905723C2963F009F2517 /* Release */,
			);
			defaultConfigurationIsVisible = 0;
			defaultConfigurationName = Release;
		};
/* End XCConfigurationList section */
	};
	rootObject = C88C903923C2963D009F2517 /* Project object */;
}
